
Microsoft Visual Studio Solution File, Format Version 12.00
# Visual Studio 15
VisualStudioVersion = 15.0.28307.1000
MinimumVisualStudioVersion = 10.0.40219.1
Project("{FAE04EC0-301F-11D3-BF4B-00C04F79EFBC}") = "debug_dll", "debug_dll\debug_dll.csproj", "{9366FB9B-8D68-4C64-8A03-EC2FD10C40BA}"
EndProject
Global
	GlobalSection(SolutionConfigurationPlatforms) = preSolution
		Debug|Any CPU = Debug|Any CPU
		Release|Any CPU = Release|Any CPU
	EndGlobalSection
	GlobalSection(ProjectConfigurationPlatforms) = postSolution
		{9366FB9B-8D68-4C64-8A03-EC2FD10C40BA}.Debug|Any CPU.ActiveCfg = Debug|Any CPU
		{9366FB9B-8D68-4C64-8A03-EC2FD10C40BA}.Debug|Any CPU.Build.0 = Debug|Any CPU
		{9366FB9B-8D68-4C64-8A03-EC2FD10C40BA}.Release|Any CPU.ActiveCfg = Release|Any CPU
		{9366FB9B-8D68-4C64-8A03-EC2FD10C40BA}.Release|Any CPU.Build.0 = Release|Any CPU
	EndGlobalSection
	GlobalSection(SolutionProperties) = preSolution
		HideSolutionNode = FALSE
	EndGlobalSection
	GlobalSection(ExtensibilityGlobals) = postSolution
		SolutionGuid = {99EAE3D0-F7AE-4553-AFC4-54653E874326}
	EndGlobalSection
EndGlobal
